
Microsoft Visual Studio Solution File, Format Version 12.00
# Visual Studio Version 16
VisualStudioVersion = 16.0.30621.155
MinimumVisualStudioVersion = 10.0.40219.1
Project("{9A19103F-16F7-4668-BE54-9A1E7A4F7556}") = "WebService", "WebService\WebService.csproj", "{553A2209-7E99-41D1-BDE7-551649A9B7B5}"
EndProject
Project("{9A19103F-16F7-4668-BE54-9A1E7A4F7556}") = "ClientAppConsole", "ClientAppConsole\ClientAppConsole.csproj", "{35CC6C20-566A-4CD6-AD27-A63EF66764ED}"
EndProject
Project("{FAE04EC0-301F-11D3-BF4B-00C04F79EFBC}") = "DiceGameConsole", "DiceGameConsole\DiceGameConsole.csproj", "{5E5040E2-97E6-42E3-BBB9-06549F4C4750}"
EndProject
Global
	GlobalSection(SolutionConfigurationPlatforms) = preSolution
		Debug|Any CPU = Debug|Any CPU
		Release|Any CPU = Release|Any CPU
	EndGlobalSection
	GlobalSection(ProjectConfigurationPlatforms) = postSolution
		{553A2209-7E99-41D1-BDE7-551649A9B7B5}.Debug|Any CPU.ActiveCfg = Debug|Any CPU
		{553A2209-7E99-41D1-BDE7-551649A9B7B5}.Debug|Any CPU.Build.0 = Debug|Any CPU
		{553A2209-7E99-41D1-BDE7-551649A9B7B5}.Release|Any CPU.ActiveCfg = Release|Any CPU
		{553A2209-7E99-41D1-BDE7-551649A9B7B5}.Release|Any CPU.Build.0 = Release|Any CPU
		{35CC6C20-566A-4CD6-AD27-A63EF66764ED}.Debug|Any CPU.ActiveCfg = Debug|Any CPU
		{35CC6C20-566A-4CD6-AD27-A63EF66764ED}.Debug|Any CPU.Build.0 = Debug|Any CPU
		{35CC6C20-566A-4CD6-AD27-A63EF66764ED}.Release|Any CPU.ActiveCfg = Release|Any CPU
		{35CC6C20-566A-4CD6-AD27-A63EF66764ED}.Release|Any CPU.Build.0 = Release|Any CPU
		{5E5040E2-97E6-42E3-BBB9-06549F4C4750}.Debug|Any CPU.ActiveCfg = Debug|Any CPU
		{5E5040E2-97E6-42E3-BBB9-06549F4C4750}.Debug|Any CPU.Build.0 = Debug|Any CPU
		{5E5040E2-97E6-42E3-BBB9-06549F4C4750}.Release|Any CPU.ActiveCfg = Release|Any CPU
		{5E5040E2-97E6-42E3-BBB9-06549F4C4750}.Release|Any CPU.Build.0 = Release|Any CPU
	EndGlobalSection
	GlobalSection(SolutionProperties) = preSolution
		HideSolutionNode = FALSE
	EndGlobalSection
	GlobalSection(ExtensibilityGlobals) = postSolution
		SolutionGuid = {E84938B4-A489-42F7-9243-36A7F3EBE126}
	EndGlobalSection
EndGlobal
